
Microsoft Visual Studio Solution File, Format Version 12.00
# Visual Studio Version 17
VisualStudioVersion = 17.2.32602.215
MinimumVisualStudioVersion = 10.0.40219.1
Project("{9A19103F-16F7-4668-BE54-9A1E7A4F7556}") = "Flow", "Flow\Flow.csproj", "{F9A4553E-A94B-40A3-B97D-52F34EEE55B2}"
EndProject
Project("{9A19103F-16F7-4668-BE54-9A1E7A4F7556}") = "FlowUI", "FlowUI\FlowUI.csproj", "{94E15A2B-2506-40CC-8576-F240CF2E3FEA}"
EndProject
Project("{9A19103F-16F7-4668-BE54-9A1E7A4F7556}") = "FlowCompiler", "FlowCompiler\FlowCompiler.csproj", "{6780CC2A-7753-4DB2-9BA3-BFDA8B3DECA9}"
EndProject
Project("{FAE04EC0-301F-11D3-BF4B-00C04F79EFBC}") = "FlowCompilerTests", "FlowCompilerTests\FlowCompilerTests.csproj", "{EC6EAA06-73C6-42FA-B137-5AD158F2C479}"
EndProject
Global
	GlobalSection(SolutionConfigurationPlatforms) = preSolution
		Debug|Any CPU = Debug|Any CPU
		Release|Any CPU = Release|Any CPU
	EndGlobalSection
	GlobalSection(ProjectConfigurationPlatforms) = postSolution
		{F9A4553E-A94B-40A3-B97D-52F34EEE55B2}.Debug|Any CPU.ActiveCfg = Debug|Any CPU
		{F9A4553E-A94B-40A3-B97D-52F34EEE55B2}.Debug|Any CPU.Build.0 = Debug|Any CPU
		{F9A4553E-A94B-40A3-B97D-52F34EEE55B2}.Release|Any CPU.ActiveCfg = Release|Any CPU
		{F9A4553E-A94B-40A3-B97D-52F34EEE55B2}.Release|Any CPU.Build.0 = Release|Any CPU
		{94E15A2B-2506-40CC-8576-F240CF2E3FEA}.Debug|Any CPU.ActiveCfg = Debug|Any CPU
		{94E15A2B-2506-40CC-8576-F240CF2E3FEA}.Debug|Any CPU.Build.0 = Debug|Any CPU
		{94E15A2B-2506-40CC-8576-F240CF2E3FEA}.Release|Any CPU.ActiveCfg = Release|Any CPU
		{94E15A2B-2506-40CC-8576-F240CF2E3FEA}.Release|Any CPU.Build.0 = Release|Any CPU
		{6780CC2A-7753-4DB2-9BA3-BFDA8B3DECA9}.Debug|Any CPU.ActiveCfg = Debug|Any CPU
		{6780CC2A-7753-4DB2-9BA3-BFDA8B3DECA9}.Debug|Any CPU.Build.0 = Debug|Any CPU
		{6780CC2A-7753-4DB2-9BA3-BFDA8B3DECA9}.Release|Any CPU.ActiveCfg = Release|Any CPU
		{6780CC2A-7753-4DB2-9BA3-BFDA8B3DECA9}.Release|Any CPU.Build.0 = Release|Any CPU
		{EC6EAA06-73C6-42FA-B137-5AD158F2C479}.Debug|Any CPU.ActiveCfg = Debug|Any CPU
		{EC6EAA06-73C6-42FA-B137-5AD158F2C479}.Debug|Any CPU.Build.0 = Debug|Any CPU
		{EC6EAA06-73C6-42FA-B137-5AD158F2C479}.Release|Any CPU.ActiveCfg = Release|Any CPU
		{EC6EAA06-73C6-42FA-B137-5AD158F2C479}.Release|Any CPU.Build.0 = Release|Any CPU
	EndGlobalSection
	GlobalSection(SolutionProperties) = preSolution
		HideSolutionNode = FALSE
	EndGlobalSection
	GlobalSection(ExtensibilityGlobals) = postSolution
		SolutionGuid = {7E30F27B-8170-4D84-B172-8E24F6CFC75E}
	EndGlobalSection
EndGlobal
